
Microsoft Visual Studio Solution File, Format Version 12.00
# Visual Studio Version 16
VisualStudioVersion = 16.0.30523.141
MinimumVisualStudioVersion = 10.0.40219.1
Project("{FAE04EC0-301F-11D3-BF4B-00C04F79EFBC}") = "ryTermoMetreMulti", "ryTermoMetreMulti\ryTermoMetreMulti.csproj", "{9504D020-DAA1-4B02-9C84-202967BA8234}"
EndProject
Global
	GlobalSection(SolutionConfigurationPlatforms) = preSolution
		Debug|Any CPU = Debug|Any CPU
		Release|Any CPU = Release|Any CPU
	EndGlobalSection
	GlobalSection(ProjectConfigurationPlatforms) = postSolution
		{9504D020-DAA1-4B02-9C84-202967BA8234}.Debug|Any CPU.ActiveCfg = Debug|Any CPU
		{9504D020-DAA1-4B02-9C84-202967BA8234}.Debug|Any CPU.Build.0 = Debug|Any CPU
		{9504D020-DAA1-4B02-9C84-202967BA8234}.Release|Any CPU.ActiveCfg = Release|Any CPU
		{9504D020-DAA1-4B02-9C84-202967BA8234}.Release|Any CPU.Build.0 = Release|Any CPU
	EndGlobalSection
	GlobalSection(SolutionProperties) = preSolution
		HideSolutionNode = FALSE
	EndGlobalSection
	GlobalSection(ExtensibilityGlobals) = postSolution
		SolutionGuid = {3E476DF6-6024-47E0-AF40-DE83141B3FA7}
	EndGlobalSection
EndGlobal
